
Microsoft Visual Studio Solution File, Format Version 12.00
# Visual Studio Version 17
VisualStudioVersion = 17.14.36221.1
MinimumVisualStudioVersion = 10.0.40219.1
Project("{2150E333-8FDC-42A3-9474-1A3956D46DE8}") = "src", "src", "{02EA681E-C7D8-13C7-8484-4AC65E1B71E8}"
EndProject
Project("{2150E333-8FDC-42A3-9474-1A3956D46DE8}") = "test", "test", "{06863AAE-D1D9-4BDD-B340-62EA2A2D729C}"
EndProject
Project("{FAE04EC0-301F-11D3-BF4B-00C04F79EFBC}") = "Bookify.Application", "src\Bookify.Application\Bookify.Application.csproj", "{C6BD9A94-B84C-ADB6-B02C-4C6D0DE1ECE6}"
EndProject
Project("{FAE04EC0-301F-11D3-BF4B-00C04F79EFBC}") = "Bookify.Domain", "src\Bookify.Domain\Bookify.Domain.csproj", "{F262C2B5-8C88-0DFD-A77D-F382F915C58B}"
EndProject
Project("{FAE04EC0-301F-11D3-BF4B-00C04F79EFBC}") = "Bookify.Infrastructure", "src\Bookify.Infrastructure\Bookify.Infrastructure.csproj", "{B2174EC5-6B3A-DEE3-4311-ABE230221426}"
EndProject
Project("{FAE04EC0-301F-11D3-BF4B-00C04F79EFBC}") = "Bookify.Api", "src\Bookify.Api\Bookify.Api.csproj", "{AD932390-40D9-43A7-8D3F-0B5D4C89FEA2}"
EndProject
Project("{E53339B2-1760-4266-BCC7-CA923CBCF16C}") = "docker-compose", "docker-compose.dcproj", "{81DDED9D-158B-E303-5F62-77A2896D2A5A}"
EndProject
Global
	GlobalSection(SolutionConfigurationPlatforms) = preSolution
		Debug|Any CPU = Debug|Any CPU
		Release|Any CPU = Release|Any CPU
	EndGlobalSection
	GlobalSection(ProjectConfigurationPlatforms) = postSolution
		{C6BD9A94-B84C-ADB6-B02C-4C6D0DE1ECE6}.Debug|Any CPU.ActiveCfg = Debug|Any CPU
		{C6BD9A94-B84C-ADB6-B02C-4C6D0DE1ECE6}.Debug|Any CPU.Build.0 = Debug|Any CPU
		{C6BD9A94-B84C-ADB6-B02C-4C6D0DE1ECE6}.Release|Any CPU.ActiveCfg = Release|Any CPU
		{C6BD9A94-B84C-ADB6-B02C-4C6D0DE1ECE6}.Release|Any CPU.Build.0 = Release|Any CPU
		{F262C2B5-8C88-0DFD-A77D-F382F915C58B}.Debug|Any CPU.ActiveCfg = Debug|Any CPU
		{F262C2B5-8C88-0DFD-A77D-F382F915C58B}.Debug|Any CPU.Build.0 = Debug|Any CPU
		{F262C2B5-8C88-0DFD-A77D-F382F915C58B}.Release|Any CPU.ActiveCfg = Release|Any CPU
		{F262C2B5-8C88-0DFD-A77D-F382F915C58B}.Release|Any CPU.Build.0 = Release|Any CPU
		{B2174EC5-6B3A-DEE3-4311-ABE230221426}.Debug|Any CPU.ActiveCfg = Debug|Any CPU
		{B2174EC5-6B3A-DEE3-4311-ABE230221426}.Debug|Any CPU.Build.0 = Debug|Any CPU
		{B2174EC5-6B3A-DEE3-4311-ABE230221426}.Release|Any CPU.ActiveCfg = Release|Any CPU
		{B2174EC5-6B3A-DEE3-4311-ABE230221426}.Release|Any CPU.Build.0 = Release|Any CPU
		{AD932390-40D9-43A7-8D3F-0B5D4C89FEA2}.Debug|Any CPU.ActiveCfg = Debug|Any CPU
		{AD932390-40D9-43A7-8D3F-0B5D4C89FEA2}.Debug|Any CPU.Build.0 = Debug|Any CPU
		{AD932390-40D9-43A7-8D3F-0B5D4C89FEA2}.Release|Any CPU.ActiveCfg = Release|Any CPU
		{AD932390-40D9-43A7-8D3F-0B5D4C89FEA2}.Release|Any CPU.Build.0 = Release|Any CPU
		{81DDED9D-158B-E303-5F62-77A2896D2A5A}.Debug|Any CPU.ActiveCfg = Debug|Any CPU
		{81DDED9D-158B-E303-5F62-77A2896D2A5A}.Debug|Any CPU.Build.0 = Debug|Any CPU
		{81DDED9D-158B-E303-5F62-77A2896D2A5A}.Release|Any CPU.ActiveCfg = Release|Any CPU
		{81DDED9D-158B-E303-5F62-77A2896D2A5A}.Release|Any CPU.Build.0 = Release|Any CPU
	EndGlobalSection
	GlobalSection(SolutionProperties) = preSolution
		HideSolutionNode = FALSE
	EndGlobalSection
	GlobalSection(NestedProjects) = preSolution
		{C6BD9A94-B84C-ADB6-B02C-4C6D0DE1ECE6} = {02EA681E-C7D8-13C7-8484-4AC65E1B71E8}
		{F262C2B5-8C88-0DFD-A77D-F382F915C58B} = {02EA681E-C7D8-13C7-8484-4AC65E1B71E8}
		{B2174EC5-6B3A-DEE3-4311-ABE230221426} = {02EA681E-C7D8-13C7-8484-4AC65E1B71E8}
		{AD932390-40D9-43A7-8D3F-0B5D4C89FEA2} = {02EA681E-C7D8-13C7-8484-4AC65E1B71E8}
	EndGlobalSection
	GlobalSection(ExtensibilityGlobals) = postSolution
		SolutionGuid = {5A7C231D-6A02-440A-9F48-E84256F970BC}
	EndGlobalSection
EndGlobal
